Microsoft Visual Studio Solution File, Format Version 12.00
# Visual Studio Version 17
VisualStudioVersion = 17.5.2.0
MinimumVisualStudioVersion = 10.0.40219.1
Project("{FAE04EC0-301F-11D3-BF4B-00C04F79EFBC}") = "RentalManager.Tests", "RentalManager.Tests.csproj", "{AF7BE78B-3B78-DB2F-9B87-A0B0AD961F85}"
EndProject
Global
	GlobalSection(SolutionConfigurationPlatforms) = preSolution
		Debug|Any CPU = Debug|Any CPU
		Release|Any CPU = Release|Any CPU
	EndGlobalSection
	GlobalSection(ProjectConfigurationPlatforms) = postSolution
		{AF7BE78B-3B78-DB2F-9B87-A0B0AD961F85}.Debug|Any CPU.ActiveCfg = Debug|Any CPU
		{AF7BE78B-3B78-DB2F-9B87-A0B0AD961F85}.Debug|Any CPU.Build.0 = Debug|Any CPU
		{AF7BE78B-3B78-DB2F-9B87-A0B0AD961F85}.Release|Any CPU.ActiveCfg = Release|Any CPU
		{AF7BE78B-3B78-DB2F-9B87-A0B0AD961F85}.Release|Any CPU.Build.0 = Release|Any CPU
	EndGlobalSection
	GlobalSection(SolutionProperties) = preSolution
		HideSolutionNode = FALSE
	EndGlobalSection
	GlobalSection(ExtensibilityGlobals) = postSolution
		SolutionGuid = {C097C42D-978B-4502-BCC5-7D78AA89FC01}
	EndGlobalSection
EndGlobal
